
Microsoft Visual Studio Solution File, Format Version 12.00
Project("{FAE04EC0-301F-11D3-BF4B-00C04F79EFBC}") = "APIGodot", "APIGodot\APIGodot.csproj", "{89B1AA3D-B38E-4BD6-AF18-D89B17E3056C}"
EndProject
Global
	GlobalSection(SolutionConfigurationPlatforms) = preSolution
		Debug|Any CPU = Debug|Any CPU
		Release|Any CPU = Release|Any CPU
	EndGlobalSection
	GlobalSection(ProjectConfigurationPlatforms) = postSolution
		{89B1AA3D-B38E-4BD6-AF18-D89B17E3056C}.Debug|Any CPU.ActiveCfg = Debug|Any CPU
		{89B1AA3D-B38E-4BD6-AF18-D89B17E3056C}.Debug|Any CPU.Build.0 = Debug|Any CPU
		{89B1AA3D-B38E-4BD6-AF18-D89B17E3056C}.Release|Any CPU.ActiveCfg = Release|Any CPU
		{89B1AA3D-B38E-4BD6-AF18-D89B17E3056C}.Release|Any CPU.Build.0 = Release|Any CPU
	EndGlobalSection
EndGlobal
